
Microsoft Visual Studio Solution File, Format Version 12.00
# Visual Studio Version 16
VisualStudioVersion = 16.0.31205.134
MinimumVisualStudioVersion = 10.0.40219.1
Project("{9A19103F-16F7-4668-BE54-9A1E7A4F7556}") = "Model", "Model\Model.csproj", "{5E2437B1-CB80-480F-9715-4EB81CB553AB}"
EndProject
Project("{9A19103F-16F7-4668-BE54-9A1E7A4F7556}") = "View", "View\View.csproj", "{BB3E6F4C-6206-4E26-B907-DEA7161B666A}"
EndProject
Project("{9A19103F-16F7-4668-BE54-9A1E7A4F7556}") = "Model.Test", "Model.Test\Model.Test.csproj", "{9B478A41-1EBB-47DE-B86B-E7D6D55A45DA}"
EndProject
Project("{2150E333-8FDC-42A3-9474-1A3956D46DE8}") = "Solution Items", "Solution Items", "{E1290E10-F335-483E-A170-67F9B71F986E}"
	ProjectSection(SolutionItems) = preProject
		notes.txt = notes.txt
	EndProjectSection
EndProject
Project("{9A19103F-16F7-4668-BE54-9A1E7A4F7556}") = "View3D", "View3D\View3D.csproj", "{B0FE1C38-E4DC-4802-8077-C36824EB9405}"
EndProject
Project("{9A19103F-16F7-4668-BE54-9A1E7A4F7556}") = "Model3D", "Model3D\Model3D.csproj", "{1C745446-4C99-40EA-9AE5-79CD4C868D21}"
EndProject
Project("{FAE04EC0-301F-11D3-BF4B-00C04F79EFBC}") = "Meta", "Meta\Meta.csproj", "{0EBAF94A-772A-43C9-A750-CEC8F11201AD}"
EndProject
Global
	GlobalSection(SolutionConfigurationPlatforms) = preSolution
		Debug|Any CPU = Debug|Any CPU
		Release|Any CPU = Release|Any CPU
	EndGlobalSection
	GlobalSection(ProjectConfigurationPlatforms) = postSolution
		{5E2437B1-CB80-480F-9715-4EB81CB553AB}.Debug|Any CPU.ActiveCfg = Debug|Any CPU
		{5E2437B1-CB80-480F-9715-4EB81CB553AB}.Debug|Any CPU.Build.0 = Debug|Any CPU
		{5E2437B1-CB80-480F-9715-4EB81CB553AB}.Release|Any CPU.ActiveCfg = Release|Any CPU
		{5E2437B1-CB80-480F-9715-4EB81CB553AB}.Release|Any CPU.Build.0 = Release|Any CPU
		{BB3E6F4C-6206-4E26-B907-DEA7161B666A}.Debug|Any CPU.ActiveCfg = Debug|Any CPU
		{BB3E6F4C-6206-4E26-B907-DEA7161B666A}.Debug|Any CPU.Build.0 = Debug|Any CPU
		{BB3E6F4C-6206-4E26-B907-DEA7161B666A}.Release|Any CPU.ActiveCfg = Release|Any CPU
		{BB3E6F4C-6206-4E26-B907-DEA7161B666A}.Release|Any CPU.Build.0 = Release|Any CPU
		{9B478A41-1EBB-47DE-B86B-E7D6D55A45DA}.Debug|Any CPU.ActiveCfg = Debug|Any CPU
		{9B478A41-1EBB-47DE-B86B-E7D6D55A45DA}.Debug|Any CPU.Build.0 = Debug|Any CPU
		{9B478A41-1EBB-47DE-B86B-E7D6D55A45DA}.Release|Any CPU.ActiveCfg = Release|Any CPU
		{9B478A41-1EBB-47DE-B86B-E7D6D55A45DA}.Release|Any CPU.Build.0 = Release|Any CPU
		{B0FE1C38-E4DC-4802-8077-C36824EB9405}.Debug|Any CPU.ActiveCfg = Debug|Any CPU
		{B0FE1C38-E4DC-4802-8077-C36824EB9405}.Debug|Any CPU.Build.0 = Debug|Any CPU
		{B0FE1C38-E4DC-4802-8077-C36824EB9405}.Release|Any CPU.ActiveCfg = Release|Any CPU
		{B0FE1C38-E4DC-4802-8077-C36824EB9405}.Release|Any CPU.Build.0 = Release|Any CPU
		{1C745446-4C99-40EA-9AE5-79CD4C868D21}.Debug|Any CPU.ActiveCfg = Debug|Any CPU
		{1C745446-4C99-40EA-9AE5-79CD4C868D21}.Debug|Any CPU.Build.0 = Debug|Any CPU
		{1C745446-4C99-40EA-9AE5-79CD4C868D21}.Release|Any CPU.ActiveCfg = Release|Any CPU
		{1C745446-4C99-40EA-9AE5-79CD4C868D21}.Release|Any CPU.Build.0 = Release|Any CPU
		{0EBAF94A-772A-43C9-A750-CEC8F11201AD}.Debug|Any CPU.ActiveCfg = Debug|Any CPU
		{0EBAF94A-772A-43C9-A750-CEC8F11201AD}.Debug|Any CPU.Build.0 = Debug|Any CPU
		{0EBAF94A-772A-43C9-A750-CEC8F11201AD}.Release|Any CPU.ActiveCfg = Release|Any CPU
		{0EBAF94A-772A-43C9-A750-CEC8F11201AD}.Release|Any CPU.Build.0 = Release|Any CPU
	EndGlobalSection
	GlobalSection(SolutionProperties) = preSolution
		HideSolutionNode = FALSE
	EndGlobalSection
	GlobalSection(ExtensibilityGlobals) = postSolution
		SolutionGuid = {8D016792-7E3B-4371-A1EF-0ADD36D83C38}
	EndGlobalSection
EndGlobal
